// !$*UTF8*$!
{
	archiveVersion = 1;
	classes = {
	};
	objectVersion = 56;
	objects = {

/* Begin PBXBuildFile section */
		78737CC828EE5184008061F0 /* PokedexApp.swift in Sources */ = {isa = PBXBuildFile; fileRef = 78737CC728EE5184008061F0 /* PokedexApp.swift */; };
		78737CCA28EE5184008061F0 /* ContentView.swift in Sources */ = {isa = PBXBuildFile; fileRef = 78737CC928EE5184008061F0 /* ContentView.swift */; };
		78737CCC28EE5185008061F0 /* Assets.xcassets in Resources */ = {isa = PBXBuildFile; fileRef = 78737CCB28EE5185008061F0 /* Assets.xcassets */; };
		78737CCF28EE5185008061F0 /* Preview Assets.xcassets in Resources */ = {isa = PBXBuildFile; fileRef = 78737CCE28EE5185008061F0 /* Preview Assets.xcassets */; };
		78737CD928EE5185008061F0 /* PokedexTests.swift in Sources */ = {isa = PBXBuildFile; fileRef = 78737CD828EE5185008061F0 /* PokedexTests.swift */; };
		78737CE328EE5185008061F0 /* PokedexUITests.swift in Sources */ = {isa = PBXBuildFile; fileRef = 78737CE228EE5185008061F0 /* PokedexUITests.swift */; };
		78737CE528EE5185008061F0 /* PokedexUITestsLaunchTests.swift in Sources */ = {isa = PBXBuildFile; fileRef = 78737CE428EE5185008061F0 /* PokedexUITestsLaunchTests.swift */; };
		78737CF528EE527F008061F0 /* PokemonCell.swift in Sources */ = {isa = PBXBuildFile; fileRef = 78737CF428EE527F008061F0 /* PokemonCell.swift */; };
		78737CF728EE578A008061F0 /* PokedexView.swift in Sources */ = {isa = PBXBuildFile; fileRef = 78737CF628EE578A008061F0 /* PokedexView.swift */; };
		78737CF928EE6751008061F0 /* Pokemon.swift in Sources */ = {isa = PBXBuildFile; fileRef = 78737CF828EE6751008061F0 /* Pokemon.swift */; };
		78737CFB28EFDC11008061F0 /* PokemonViewModel.swift in Sources */ = {isa = PBXBuildFile; fileRef = 78737CFA28EFDC10008061F0 /* PokemonViewModel.swift */; };
		78737CFE28EFE25D008061F0 /* Kingfisher in Frameworks */ = {isa = PBXBuildFile; productRef = 78737CFD28EFE25D008061F0 /* Kingfisher */; };
/* End PBXBuildFile section */

/* Begin PBXContainerItemProxy section */
		78737CD528EE5185008061F0 /* PBXContainerItemProxy */ = {
			isa = PBXContainerItemProxy;
			containerPortal = 78737CBC28EE5184008061F0 /* Project object */;
			proxyType = 1;
			remoteGlobalIDString = 78737CC328EE5184008061F0;
			remoteInfo = Pokedex;
		};
		78737CDF28EE5185008061F0 /* PBXContainerItemProxy */ = {
			isa = PBXContainerItemProxy;
			containerPortal = 78737CBC28EE5184008061F0 /* Project object */;
			proxyType = 1;
			remoteGlobalIDString = 78737CC328EE5184008061F0;
			remoteInfo = Pokedex;
		};
/* End PBXContainerItemProxy section */

/* Begin PBXFileReference section */
		78737CC428EE5184008061F0 /* Pokedex.app */ = {isa = PBXFileReference; explicitFileType = wrapper.application; includeInIndex = 0; path = Pokedex.app; sourceTree = BUILT_PRODUCTS_DIR; };
		78737CC728EE5184008061F0 /* PokedexApp.swift */ = {isa = PBXFileReference; lastKnownFileType = sourcecode.swift; path = PokedexApp.swift; sourceTree = "<group>"; };
		78737CC928EE5184008061F0 /* ContentView.swift */ = {isa = PBXFileReference; lastKnownFileType = sourcecode.swift; path = ContentView.swift; sourceTree = "<group>"; };
		78737CCB28EE5185008061F0 /* Assets.xcassets */ = {isa = PBXFileReference; lastKnownFileType = folder.assetcatalog; path = Assets.xcassets; sourceTree = "<group>"; };
		78737CCE28EE5185008061F0 /* Preview Assets.xcassets */ = {isa = PBXFileReference; lastKnownFileType = folder.assetcatalog; path = "Preview Assets.xcassets"; sourceTree = "<group>"; };
		78737CD428EE5185008061F0 /* PokedexTests.xctest */ = {isa = PBXFileReference; explicitFileType = wrapper.cfbundle; includeInIndex = 0; path = PokedexTests.xctest; sourceTree = BUILT_PRODUCTS_DIR; };
		78737CD828EE5185008061F0 /* PokedexTests.swift */ = {isa = PBXFileReference; lastKnownFileType = sourcecode.swift; path = PokedexTests.swift; sourceTree = "<group>"; };
		78737CDE28EE5185008061F0 /* PokedexUITests.xctest */ = {isa = PBXFileReference; explicitFileType = wrapper.cfbundle; includeInIndex = 0; path = PokedexUITests.xctest; sourceTree = BUILT_PRODUCTS_DIR; };
		78737CE228EE5185008061F0 /* PokedexUITests.swift */ = {isa = PBXFileReference; lastKnownFileType = sourcecode.swift; path = PokedexUITests.swift; sourceTree = "<group>"; };
		78737CE428EE5185008061F0 /* PokedexUITestsLaunchTests.swift */ = {isa = PBXFileReference; lastKnownFileType = sourcecode.swift; path = PokedexUITestsLaunchTests.swift; sourceTree = "<group>"; };
		78737CF428EE527F008061F0 /* PokemonCell.swift */ = {isa = PBXFileReference; lastKnownFileType = sourcecode.swift; path = PokemonCell.swift; sourceTree = "<group>"; };
		78737CF628EE578A008061F0 /* PokedexView.swift */ = {isa = PBXFileReference; lastKnownFileType = sourcecode.swift; path = PokedexView.swift; sourceTree = "<group>"; };
		78737CF828EE6751008061F0 /* Pokemon.swift */ = {isa = PBXFileReference; lastKnownFileType = sourcecode.swift; path = Pokemon.swift; sourceTree = "<group>"; };
		78737CFA28EFDC10008061F0 /* PokemonViewModel.swift */ = {isa = PBXFileReference; lastKnownFileType = sourcecode.swift; path = PokemonViewModel.swift; sourceTree = "<group>"; };
/* End PBXFileReference section */

/* Begin PBXFrameworksBuildPhase section */
		78737CC128EE5184008061F0 /* Frameworks */ = {
			isa = PBXFrameworksBuildPhase;
			buildActionMask = 2147483647;
			files = (
				78737CFE28EFE25D008061F0 /* Kingfisher in Frameworks */,
			);
			runOnlyForDeploymentPostprocessing = 0;
		};
		78737CD128EE5185008061F0 /* Frameworks */ = {
			isa = PBXFrameworksBuildPhase;
			buildActionMask = 2147483647;
			files = (
			);
			runOnlyForDeploymentPostprocessing = 0;
		};
		78737CDB28EE5185008061F0 /* Frameworks */ = {
			isa = PBXFrameworksBuildPhase;
			buildActionMask = 2147483647;
			files = (
			);
			runOnlyForDeploymentPostprocessing = 0;
		};
/* End PBXFrameworksBuildPhase section */

/* Begin PBXGroup section */
		78737CBB28EE5184008061F0 = {
			isa = PBXGroup;
			children = (
				78737CC628EE5184008061F0 /* Pokedex */,
				78737CD728EE5185008061F0 /* PokedexTests */,
				78737CE128EE5185008061F0 /* PokedexUITests */,
				78737CC528EE5184008061F0 /* Products */,
			);
			sourceTree = "<group>";
		};
		78737CC528EE5184008061F0 /* Products */ = {
			isa = PBXGroup;
			children = (
				78737CC428EE5184008061F0 /* Pokedex.app */,
				78737CD428EE5185008061F0 /* PokedexTests.xctest */,
				78737CDE28EE5185008061F0 /* PokedexUITests.xctest */,
			);
			name = Products;
			sourceTree = "<group>";
		};
		78737CC628EE5184008061F0 /* Pokedex */ = {
			isa = PBXGroup;
			children = (
				78737CF328EE51FF008061F0 /* Model */,
				78737CF128EE51F9008061F0 /* View */,
				78737CF228EE51FC008061F0 /* ViewModel */,
				78737CC728EE5184008061F0 /* PokedexApp.swift */,
				78737CC928EE5184008061F0 /* ContentView.swift */,
				78737CCB28EE5185008061F0 /* Assets.xcassets */,
				78737CCD28EE5185008061F0 /* Preview Content */,
			);
			path = Pokedex;
			sourceTree = "<group>";
		};
		78737CCD28EE5185008061F0 /* Preview Content */ = {
			isa = PBXGroup;
			children = (
				78737CCE28EE5185008061F0 /* Preview Assets.xcassets */,
			);
			path = "Preview Content";
			sourceTree = "<group>";
		};
		78737CD728EE5185008061F0 /* PokedexTests */ = {
			isa = PBXGroup;
			children = (
				78737CD828EE5185008061F0 /* PokedexTests.swift */,
			);
			path = PokedexTests;
			sourceTree = "<group>";
		};
		78737CE128EE5185008061F0 /* PokedexUITests */ = {
			isa = PBXGroup;
			children = (
				78737CE228EE5185008061F0 /* PokedexUITests.swift */,
				78737CE428EE5185008061F0 /* PokedexUITestsLaunchTests.swift */,
			);
			path = PokedexUITests;
			sourceTree = "<group>";
		};
		78737CF128EE51F9008061F0 /* View */ = {
			isa = PBXGroup;
			children = (
				78737CF428EE527F008061F0 /* PokemonCell.swift */,
				78737CF628EE578A008061F0 /* PokedexView.swift */,
			);
			path = View;
			sourceTree = "<group>";
		};
		78737CF228EE51FC008061F0 /* ViewModel */ = {
			isa = PBXGroup;
			children = (
				78737CFA28EFDC10008061F0 /* PokemonViewModel.swift */,
			);
			path = ViewModel;
			sourceTree = "<group>";
		};
		78737CF328EE51FF008061F0 /* Model */ = {
			isa = PBXGroup;
			children = (
				78737CF828EE6751008061F0 /* Pokemon.swift */,
			);
			path = Model;
			sourceTree = "<group>";
		};
/* End PBXGroup section */

/* Begin PBXNativeTarget section */
		78737CC328EE5184008061F0 /* Pokedex */ = {
			isa = PBXNativeTarget;
			buildConfigurationList = 78737CE828EE5185008061F0 /* Build configuration list for PBXNativeTarget "Pokedex" */;
			buildPhases = (
				78737CC028EE5184008061F0 /* Sources */,
				78737CC128EE5184008061F0 /* Frameworks */,
				78737CC228EE5184008061F0 /* Resources */,
			);
			buildRules = (
			);
			dependencies = (
			);
			name = Pokedex;
			packageProductDependencies = (
				78737CFD28EFE25D008061F0 /* Kingfisher */,
			);
			productName = Pokedex;
			productReference = 78737CC428EE5184008061F0 /* Pokedex.app */;
			productType = "com.apple.product-type.application";
		};
		78737CD328EE5185008061F0 /* PokedexTests */ = {
			isa = PBXNativeTarget;
			buildConfigurationList = 78737CEB28EE5186008061F0 /* Build configuration list for PBXNativeTarget "PokedexTests" */;
			buildPhases = (
				78737CD028EE5185008061F0 /* Sources */,
				78737CD128EE5185008061F0 /* Frameworks */,
				78737CD228EE5185008061F0 /* Resources */,
			);
			buildRules = (
			);
			dependencies = (
				78737CD628EE5185008061F0 /* PBXTargetDependency */,
			);
			name = PokedexTests;
			productName = PokedexTests;
			productReference = 78737CD428EE5185008061F0 /* PokedexTests.xctest */;
			productType = "com.apple.product-type.bundle.unit-test";
		};
		78737CDD28EE5185008061F0 /* PokedexUITests */ = {
			isa = PBXNativeTarget;
			buildConfigurationList = 78737CEE28EE5186008061F0 /* Build configuration list for PBXNativeTarget "PokedexUITests" */;
			buildPhases = (
				78737CDA28EE5185008061F0 /* Sources */,
				78737CDB28EE5185008061F0 /* Frameworks */,
				78737CDC28EE5185008061F0 /* Resources */,
			);
			buildRules = (
			);
			dependencies = (
				78737CE028EE5185008061F0 /* PBXTargetDependency */,
			);
			name = PokedexUITests;
			productName = PokedexUITests;
			productReference = 78737CDE28EE5185008061F0 /* PokedexUITests.xctest */;
			productType = "com.apple.product-type.bundle.ui-testing";
		};
/* End PBXNativeTarget section */

/* Begin PBXProject section */
		78737CBC28EE5184008061F0 /* Project object */ = {
			isa = PBXProject;
			attributes = {
				BuildIndependentTargetsInParallel = 1;
				LastSwiftUpdateCheck = 1400;
				LastUpgradeCheck = 1400;
				TargetAttributes = {
					78737CC328EE5184008061F0 = {
						CreatedOnToolsVersion = 14.0.1;
					};
					78737CD328EE5185008061F0 = {
						CreatedOnToolsVersion = 14.0.1;
						TestTargetID = 78737CC328EE5184008061F0;
					};
					78737CDD28EE5185008061F0 = {
						CreatedOnToolsVersion = 14.0.1;
						TestTargetID = 78737CC328EE5184008061F0;
					};
				};
			};
			buildConfigurationList = 78737CBF28EE5184008061F0 /* Build configuration list for PBXProject "Pokedex" */;
			compatibilityVersion = "Xcode 14.0";
			developmentRegion = en;
			hasScannedForEncodings = 0;
			knownRegions = (
				en,
				Base,
			);
			mainGroup = 78737CBB28EE5184008061F0;
			packageReferences = (
				78737CFC28EFE25D008061F0 /* XCRemoteSwiftPackageReference "Kingfisher" */,
			);
			productRefGroup = 78737CC528EE5184008061F0 /* Products */;
			projectDirPath = "";
			projectRoot = "";
			targets = (
				78737CC328EE5184008061F0 /* Pokedex */,
				78737CD328EE5185008061F0 /* PokedexTests */,
				78737CDD28EE5185008061F0 /* PokedexUITests */,
			);
		};
/* End PBXProject section */

/* Begin PBXResourcesBuildPhase section */
		78737CC228EE5184008061F0 /* Resources */ = {
			isa = PBXResourcesBuildPhase;
			buildActionMask = 2147483647;
			files = (
				78737CCF28EE5185008061F0 /* Preview Assets.xcassets in Resources */,
				78737CCC28EE5185008061F0 /* Assets.xcassets in Resources */,
			);
			runOnlyForDeploymentPostprocessing = 0;
		};
		78737CD228EE5185008061F0 /* Resources */ = {
			isa = PBXResourcesBuildPhase;
			buildActionMask = 2147483647;
			files = (
			);
			runOnlyForDeploymentPostprocessing = 0;
		};
		78737CDC28EE5185008061F0 /* Resources */ = {
			isa = PBXResourcesBuildPhase;
			buildActionMask = 2147483647;
			files = (
			);
			runOnlyForDeploymentPostprocessing = 0;
		};
/* End PBXResourcesBuildPhase section */

/* Begin PBXSourcesBuildPhase section */
		78737CC028EE5184008061F0 /* Sources */ = {
			isa = PBXSourcesBuildPhase;
			buildActionMask = 2147483647;
			files = (
				78737CF928EE6751008061F0 /* Pokemon.swift in Sources */,
				78737CCA28EE5184008061F0 /* ContentView.swift in Sources */,
				78737CFB28EFDC11008061F0 /* PokemonViewModel.swift in Sources */,
				78737CC828EE5184008061F0 /* PokedexApp.swift in Sources */,
				78737CF528EE527F008061F0 /* PokemonCell.swift in Sources */,
				78737CF728EE578A008061F0 /* PokedexView.swift in Sources */,
			);
			runOnlyForDeploymentPostprocessing = 0;
		};
		78737CD028EE5185008061F0 /* Sources */ = {
			isa = PBXSourcesBuildPhase;
			buildActionMask = 2147483647;
			files = (
				78737CD928EE5185008061F0 /* PokedexTests.swift in Sources */,
			);
			runOnlyForDeploymentPostprocessing = 0;
		};
		78737CDA28EE5185008061F0 /* Sources */ = {
			isa = PBXSourcesBuildPhase;
			buildActionMask = 2147483647;
			files = (
				78737CE328EE5185008061F0 /* PokedexUITests.swift in Sources */,
				78737CE528EE5185008061F0 /* PokedexUITestsLaunchTests.swift in Sources */,
			);
			runOnlyForDeploymentPostprocessing = 0;
		};
/* End PBXSourcesBuildPhase section */

/* Begin PBXTargetDependency section */
		78737CD628EE5185008061F0 /* PBXTargetDependency */ = {
			isa = PBXTargetDependency;
			target = 78737CC328EE5184008061F0 /* Pokedex */;
			targetProxy = 78737CD528EE5185008061F0 /* PBXContainerItemProxy */;
		};
		78737CE028EE5185008061F0 /* PBXTargetDependency */ = {
			isa = PBXTargetDependency;
			target = 78737CC328EE5184008061F0 /* Pokedex */;
			targetProxy = 78737CDF28EE5185008061F0 /* PBXContainerItemProxy */;
		};
/* End PBXTargetDependency section */

/* Begin XCBuildConfiguration section */
		78737CE628EE5185008061F0 /* Debug */ = {
			isa = XCBuildConfiguration;
			buildSettings = {
				ALWAYS_SEARCH_USER_PATHS = NO;
				CLANG_ANALYZER_NONNULL = YES;
				CLANG_ANALYZER_NUMBER_OBJECT_CONVERSION = YES_AGGRESSIVE;
				CLANG_CXX_LANGUAGE_STANDARD = "gnu++20";
				CLANG_ENABLE_MODULES = YES;
				CLANG_ENABLE_OBJC_ARC = YES;
				CLANG_ENABLE_OBJC_WEAK = YES;
				CLANG_WARN_BLOCK_CAPTURE_AUTORELEASING = YES;
				CLANG_WARN_BOOL_CONVERSION = YES;
				CLANG_WARN_COMMA = YES;
				CLANG_WARN_CONSTANT_CONVERSION = YES;
				CLANG_WARN_DEPRECATED_OBJC_IMPLEMENTATIONS = YES;
				CLANG_WARN_DIRECT_OBJC_ISA_USAGE = YES_ERROR;
				CLANG_WARN_DOCUMENTATION_COMMENTS = YES;
				CLANG_WARN_EMPTY_BODY = YES;
				CLANG_WARN_ENUM_CONVERSION = YES;
				CLANG_WARN_INFINITE_RECURSION = YES;
				CLANG_WARN_INT_CONVERSION = YES;
				CLANG_WARN_NON_LITERAL_NULL_CONVERSION = YES;
				CLANG_WARN_OBJC_IMPLICIT_RETAIN_SELF = YES;
				CLANG_WARN_OBJC_LITERAL_CONVERSION = YES;
				CLANG_WARN_OBJC_ROOT_CLASS = YES_ERROR;
				CLANG_WARN_QUOTED_INCLUDE_IN_FRAMEWORK_HEADER = YES;
				CLANG_WARN_RANGE_LOOP_ANALYSIS = YES;
				CLANG_WARN_STRICT_PROTOTYPES = YES;
				CLANG_WARN_SUSPICIOUS_MOVE = YES;
				CLANG_WARN_UNGUARDED_AVAILABILITY = YES_AGGRESSIVE;
				CLANG_WARN_UNREACHABLE_CODE = YES;
				CLANG_WARN__DUPLICATE_METHOD_MATCH = YES;
				COPY_PHASE_STRIP = NO;
				DEBUG_INFORMATION_FORMAT = dwarf;
				ENABLE_STRICT_OBJC_MSGSEND = YES;
				ENABLE_TESTABILITY = YES;
				GCC_C_LANGUAGE_STANDARD = gnu11;
				GCC_DYNAMIC_NO_PIC = NO;
				GCC_NO_COMMON_BLOCKS = YES;
				GCC_OPTIMIZATION_LEVEL = 0;
				GCC_PREPROCESSOR_DEFINITIONS = (
					"DEBUG=1",
					"$(inherited)",
				);
				GCC_WARN_64_TO_32_BIT_CONVERSION = YES;
				GCC_WARN_ABOUT_RETURN_TYPE = YES_ERROR;
				GCC_WARN_UNDECLARED_SELECTOR = YES;
				GCC_WARN_UNINITIALIZED_AUTOS = YES_AGGRESSIVE;
				GCC_WARN_UNUSED_FUNCTION = YES;
				GCC_WARN_UNUSED_VARIABLE = YES;
				IPHONEOS_DEPLOYMENT_TARGET = 16.0;
				MTL_ENABLE_DEBUG_INFO = INCLUDE_SOURCE;
				MTL_FAST_MATH = YES;
				ONLY_ACTIVE_ARCH = YES;
				SDKROOT = iphoneos;
				SWIFT_ACTIVE_COMPILATION_CONDITIONS = DEBUG;
				SWIFT_OPTIMIZATION_LEVEL = "-Onone";
			};
			name = Debug;
		};
		78737CE728EE5185008061F0 /* Release */ = {
			isa = XCBuildConfiguration;
			buildSettings = {
				ALWAYS_SEARCH_USER_PATHS = NO;
				CLANG_ANALYZER_NONNULL = YES;
				CLANG_ANALYZER_NUMBER_OBJECT_CONVERSION = YES_AGGRESSIVE;
				CLANG_CXX_LANGUAGE_STANDARD = "gnu++20";
				CLANG_ENABLE_MODULES = YES;
				CLANG_ENABLE_OBJC_ARC = YES;
				CLANG_ENABLE_OBJC_WEAK = YES;
				CLANG_WARN_BLOCK_CAPTURE_AUTORELEASING = YES;
				CLANG_WARN_BOOL_CONVERSION = YES;
				CLANG_WARN_COMMA = YES;
				CLANG_WARN_CONSTANT_CONVERSION = YES;
				CLANG_WARN_DEPRECATED_OBJC_IMPLEMENTATIONS = YES;
				CLANG_WARN_DIRECT_OBJC_ISA_USAGE = YES_ERROR;
				CLANG_WARN_DOCUMENTATION_COMMENTS = YES;
				CLANG_WARN_EMPTY_BODY = YES;
				CLANG_WARN_ENUM_CONVERSION = YES;
				CLANG_WARN_INFINITE_RECURSION = YES;
				CLANG_WARN_INT_CONVERSION = YES;
				CLANG_WARN_NON_LITERAL_NULL_CONVERSION = YES;
				CLANG_WARN_OBJC_IMPLICIT_RETAIN_SELF = YES;
				CLANG_WARN_OBJC_LITERAL_CONVERSION = YES;
				CLANG_WARN_OBJC_ROOT_CLASS = YES_ERROR;
				CLANG_WARN_QUOTED_INCLUDE_IN_FRAMEWORK_HEADER = YES;
				CLANG_WARN_RANGE_LOOP_ANALYSIS = YES;
				CLANG_WARN_STRICT_PROTOTYPES = YES;
				CLANG_WARN_SUSPICIOUS_MOVE = YES;
				CLANG_WARN_UNGUARDED_AVAILABILITY = YES_AGGRESSIVE;
				CLANG_WARN_UNREACHABLE_CODE = YES;
				CLANG_WARN__DUPLICATE_METHOD_MATCH = YES;
				COPY_PHASE_STRIP = NO;
				DEBUG_INFORMATION_FORMAT = "dwarf-with-dsym";
				ENABLE_NS_ASSERTIONS = NO;
				ENABLE_STRICT_OBJC_MSGSEND = YES;
				GCC_C_LANGUAGE_STANDARD = gnu11;
				GCC_NO_COMMON_BLOCKS = YES;
				GCC_WARN_64_TO_32_BIT_CONVERSION = YES;
				GCC_WARN_ABOUT_RETURN_TYPE = YES_ERROR;
				GCC_WARN_UNDECLARED_SELECTOR = YES;
				GCC_WARN_UNINITIALIZED_AUTOS = YES_AGGRESSIVE;
				GCC_WARN_UNUSED_FUNCTION = YES;
				GCC_WARN_UNUSED_VARIABLE = YES;
				IPHONEOS_DEPLOYMENT_TARGET = 16.0;
				MTL_ENABLE_DEBUG_INFO = NO;
				MTL_FAST_MATH = YES;
				SDKROOT = iphoneos;
				SWIFT_COMPILATION_MODE = wholemodule;
				SWIFT_OPTIMIZATION_LEVEL = "-O";
				VALIDATE_PRODUCT = YES;
			};
			name = Release;
		};
		78737CE928EE5185008061F0 /* Debug */ = {
			isa = XCBuildConfiguration;
			buildSettings = {
				ASSETCATALOG_COMPILER_APPICON_NAME = AppIcon;
				ASSETCATALOG_COMPILER_GLOBAL_ACCENT_COLOR_NAME = AccentColor;
				CODE_SIGN_STYLE = Automatic;
				CURRENT_PROJECT_VERSION = 1;
				DEVELOPMENT_ASSET_PATHS = "\"Pokedex/Preview Content\"";
				DEVELOPMENT_TEAM = ANT9H9LV94;
				ENABLE_PREVIEWS = YES;
				GENERATE_INFOPLIST_FILE = YES;
				INFOPLIST_KEY_UIApplicationSceneManifest_Generation = YES;
				INFOPLIST_KEY_UIApplicationSupportsIndirectInputEvents = YES;
				INFOPLIST_KEY_UILaunchScreen_Generation = YES;
				INFOPLIST_KEY_UISupportedInterfaceOrientations = UIInterfaceOrientationPortrait;
				LD_RUNPATH_SEARCH_PATHS = (
					"$(inherited)",
					"@executable_path/Frameworks",
				);
				MARKETING_VERSION = 1.0;
				PRODUCT_BUNDLE_IDENTIFIER = CSAMSO.Pokedex;
				PRODUCT_NAME = "$(TARGET_NAME)";
				SWIFT_EMIT_LOC_STRINGS = YES;
				SWIFT_VERSION = 5.0;
				TARGETED_DEVICE_FAMILY = "1,2";
			};
			name = Debug;
		};
		78737CEA28EE5185008061F0 /* Release */ = {
			isa = XCBuildConfiguration;
			buildSettings = {
				ASSETCATALOG_COMPILER_APPICON_NAME = AppIcon;
				ASSETCATALOG_COMPILER_GLOBAL_ACCENT_COLOR_NAME = AccentColor;
				CODE_SIGN_STYLE = Automatic;
				CURRENT_PROJECT_VERSION = 1;
				DEVELOPMENT_ASSET_PATHS = "\"Pokedex/Preview Content\"";
				DEVELOPMENT_TEAM = ANT9H9LV94;
				ENABLE_PREVIEWS = YES;
				GENERATE_INFOPLIST_FILE = YES;
				INFOPLIST_KEY_UIApplicationSceneManifest_Generation = YES;
				INFOPLIST_KEY_UIApplicationSupportsIndirectInputEvents = YES;
				INFOPLIST_KEY_UILaunchScreen_Generation = YES;
				INFOPLIST_KEY_UISupportedInterfaceOrientations = UIInterfaceOrientationPortrait;
				LD_RUNPATH_SEARCH_PATHS = (
					"$(inherited)",
					"@executable_path/Frameworks",
				);
				MARKETING_VERSION = 1.0;
				PRODUCT_BUNDLE_IDENTIFIER = CSAMSO.Pokedex;
				PRODUCT_NAME = "$(TARGET_NAME)";
				SWIFT_EMIT_LOC_STRINGS = YES;
				SWIFT_VERSION = 5.0;
				TARGETED_DEVICE_FAMILY = "1,2";
			};
			name = Release;
		};
		78737CEC28EE5186008061F0 /* Debug */ = {
			isa = XCBuildConfiguration;
			buildSettings = {
				ALWAYS_EMBED_SWIFT_STANDARD_LIBRARIES = YES;
				BUNDLE_LOADER = "$(TEST_HOST)";
				CODE_SIGN_STYLE = Automatic;
				CURRENT_PROJECT_VERSION = 1;
				DEVELOPMENT_TEAM = ANT9H9LV94;
				GENERATE_INFOPLIST_FILE = YES;
				IPHONEOS_DEPLOYMENT_TARGET = 16.0;
				MARKETING_VERSION = 1.0;
				PRODUCT_BUNDLE_IDENTIFIER = CSAMSO.PokedexTests;
				PRODUCT_NAME = "$(TARGET_NAME)";
				SWIFT_EMIT_LOC_STRINGS = NO;
				SWIFT_VERSION = 5.0;
				TARGETED_DEVICE_FAMILY = "1,2";
				TEST_HOST = "$(BUILT_PRODUCTS_DIR)/Pokedex.app/$(BUNDLE_EXECUTABLE_FOLDER_PATH)/Pokedex";
			};
			name = Debug;
		};
		78737CED28EE5186008061F0 /* Release */ = {
			isa = XCBuildConfiguration;
			buildSettings = {
				ALWAYS_EMBED_SWIFT_STANDARD_LIBRARIES = YES;
				BUNDLE_LOADER = "$(TEST_HOST)";
				CODE_SIGN_STYLE = Automatic;
				CURRENT_PROJECT_VERSION = 1;
				DEVELOPMENT_TEAM = ANT9H9LV94;
				GENERATE_INFOPLIST_FILE = YES;
				IPHONEOS_DEPLOYMENT_TARGET = 16.0;
				MARKETING_VERSION = 1.0;
				PRODUCT_BUNDLE_IDENTIFIER = CSAMSO.PokedexTests;
				PRODUCT_NAME = "$(TARGET_NAME)";
				SWIFT_EMIT_LOC_STRINGS = NO;
				SWIFT_VERSION = 5.0;
				TARGETED_DEVICE_FAMILY = "1,2";
				TEST_HOST = "$(BUILT_PRODUCTS_DIR)/Pokedex.app/$(BUNDLE_EXECUTABLE_FOLDER_PATH)/Pokedex";
			};
			name = Release;
		};
		78737CEF28EE5186008061F0 /* Debug */ = {
			isa = XCBuildConfiguration;
			buildSettings = {
				ALWAYS_EMBED_SWIFT_STANDARD_LIBRARIES = YES;
				CODE_SIGN_STYLE = Automatic;
				CURRENT_PROJECT_VERSION = 1;
				DEVELOPMENT_TEAM = ANT9H9LV94;
				GENERATE_INFOPLIST_FILE = YES;
				MARKETING_VERSION = 1.0;
				PRODUCT_BUNDLE_IDENTIFIER = CSAMSO.PokedexUITests;
				PRODUCT_NAME = "$(TARGET_NAME)";
				SWIFT_EMIT_LOC_STRINGS = NO;
				SWIFT_VERSION = 5.0;
				TARGETED_DEVICE_FAMILY = "1,2";
				TEST_TARGET_NAME = Pokedex;
			};
			name = Debug;
		};
		78737CF028EE5186008061F0 /* Release */ = {
			isa = XCBuildConfiguration;
			buildSettings = {
				ALWAYS_EMBED_SWIFT_STANDARD_LIBRARIES = YES;
				CODE_SIGN_STYLE = Automatic;
				CURRENT_PROJECT_VERSION = 1;
				DEVELOPMENT_TEAM = ANT9H9LV94;
				GENERATE_INFOPLIST_FILE = YES;
				MARKETING_VERSION = 1.0;
				PRODUCT_BUNDLE_IDENTIFIER = CSAMSO.PokedexUITests;
				PRODUCT_NAME = "$(TARGET_NAME)";
				SWIFT_EMIT_LOC_STRINGS = NO;
				SWIFT_VERSION = 5.0;
				TARGETED_DEVICE_FAMILY = "1,2";
				TEST_TARGET_NAME = Pokedex;
			};
			name = Release;
		};
/* End XCBuildConfiguration section */

/* Begin XCConfigurationList section */
		78737CBF28EE5184008061F0 /* Build configuration list for PBXProject "Pokedex" */ = {
			isa = XCConfigurationList;
			buildConfigurations = (
				78737CE628EE5185008061F0 /* Debug */,
				78737CE728EE5185008061F0 /* Release */,
			);
			defaultConfigurationIsVisible = 0;
			defaultConfigurationName = Release;
		};
		78737CE828EE5185008061F0 /* Build configuration list for PBXNativeTarget "Pokedex" */ = {
			isa = XCConfigurationList;
			buildConfigurations = (
				78737CE928EE5185008061F0 /* Debug */,
				78737CEA28EE5185008061F0 /* Release */,
			);
			defaultConfigurationIsVisible = 0;
			defaultConfigurationName = Release;
		};
		78737CEB28EE5186008061F0 /* Build configuration list for PBXNativeTarget "PokedexTests" */ = {
			isa = XCConfigurationList;
			buildConfigurations = (
				78737CEC28EE5186008061F0 /* Debug */,
				78737CED28EE5186008061F0 /* Release */,
			);
			defaultConfigurationIsVisible = 0;
			defaultConfigurationName = Release;
		};
		78737CEE28EE5186008061F0 /* Build configuration list for PBXNativeTarget "PokedexUITests" */ = {
			isa = XCConfigurationList;
			buildConfigurations = (
				78737CEF28EE5186008061F0 /* Debug */,
				78737CF028EE5186008061F0 /* Release */,
			);
			defaultConfigurationIsVisible = 0;
			defaultConfigurationName = Release;
		};
/* End XCConfigurationList section */

/* Begin XCRemoteSwiftPackageReference section */
		78737CFC28EFE25D008061F0 /* XCRemoteSwiftPackageReference "Kingfisher" */ = {
			isa = XCRemoteSwiftPackageReference;
			repositoryURL = "https://github.com/onevcat/Kingfisher.git";
			requirement = {
				kind = upToNextMajorVersion;
				minimumVersion = 7.0.0;
			};
		};
/* End XCRemoteSwiftPackageReference section */

/* Begin XCSwiftPackageProductDependency section */
		78737CFD28EFE25D008061F0 /* Kingfisher */ = {
			isa = XCSwiftPackageProductDependency;
			package = 78737CFC28EFE25D008061F0 /* XCRemoteSwiftPackageReference "Kingfisher" */;
			productName = Kingfisher;
		};
/* End XCSwiftPackageProductDependency section */
	};
	rootObject = 78737CBC28EE5184008061F0 /* Project object */;
}
